
Microsoft Visual Studio Solution File, Format Version 12.00
# Visual Studio Version 17
VisualStudioVersion = 17.9.34902.65
MinimumVisualStudioVersion = 10.0.40219.1
Project("{FAE04EC0-301F-11D3-BF4B-00C04F79EFBC}") = "Logistik", "Logistik\Logistik.csproj", "{2A73B523-29BC-43F2-846B-CA3B42DBE5E6}"
EndProject
Global
	GlobalSection(SolutionConfigurationPlatforms) = preSolution
		Debug|Any CPU = Debug|Any CPU
		Release|Any CPU = Release|Any CPU
	EndGlobalSection
	GlobalSection(ProjectConfigurationPlatforms) = postSolution
		{2A73B523-29BC-43F2-846B-CA3B42DBE5E6}.Debug|Any CPU.ActiveCfg = Debug|Any CPU
		{2A73B523-29BC-43F2-846B-CA3B42DBE5E6}.Debug|Any CPU.Build.0 = Debug|Any CPU
		{2A73B523-29BC-43F2-846B-CA3B42DBE5E6}.Release|Any CPU.ActiveCfg = Release|Any CPU
		{2A73B523-29BC-43F2-846B-CA3B42DBE5E6}.Release|Any CPU.Build.0 = Release|Any CPU
	EndGlobalSection
	GlobalSection(SolutionProperties) = preSolution
		HideSolutionNode = FALSE
	EndGlobalSection
	GlobalSection(ExtensibilityGlobals) = postSolution
		SolutionGuid = {212AD1B9-7001-43F8-A05B-E0F2AF9295BB}
	EndGlobalSection
EndGlobal
